
Microsoft Visual Studio Solution File, Format Version 12.00
# Visual Studio Version 16
VisualStudioVersion = 16.0.30804.86
MinimumVisualStudioVersion = 10.0.40219.1
Project("{9A19103F-16F7-4668-BE54-9A1E7A4F7556}") = "MeetingCalendar", "MeetingCalendar\MeetingCalendar.csproj", "{4B897CE6-62A8-4D95-B9FF-65A536CAD686}"
EndProject
Project("{9A19103F-16F7-4668-BE54-9A1E7A4F7556}") = "MeetingCalendar.Tests", "MeetingCalendarTest\MeetingCalendar.Tests.csproj", "{6CF2301B-BB62-45F8-891D-D02397562A27}"
EndProject
Project("{9A19103F-16F7-4668-BE54-9A1E7A4F7556}") = "MeetingCalendarTestConsoleForCoreV3.1", "MeetingCalendarTestConsole\MeetingCalendarTestConsoleForCoreV3.1.csproj", "{1C1E3680-62AF-490D-A5B8-7FC2F46867E6}"
EndProject
Project("{2150E333-8FDC-42A3-9474-1A3956D46DE8}") = "Solution Items", "Solution Items", "{7EF4A293-544F-47CD-AFCD-6DFE51266EDE}"
	ProjectSection(SolutionItems) = preProject
		.editorconfig = .editorconfig
	EndProjectSection
EndProject
Project("{9A19103F-16F7-4668-BE54-9A1E7A4F7556}") = "MeetingCalendarTestConsoleForCoreV2.1", "MeetingCalendar.TestConsoleForCoreV2.1\MeetingCalendarTestConsoleForCoreV2.1.csproj", "{5B10A6DB-464F-4974-9BBB-1C05FF477EC2}"
EndProject
Project("{9A19103F-16F7-4668-BE54-9A1E7A4F7556}") = "MeetingCalendarTestConsoleForCoreV5.0", "MeetingCalendarTestConsoleForCoreV5.0\MeetingCalendarTestConsoleForCoreV5.0.csproj", "{68E729C7-A6FB-4A3F-AA0C-35A204D6B286}"
EndProject
Project("{FAE04EC0-301F-11D3-BF4B-00C04F79EFBC}") = "MeetingCalendarTestConsoleForFramework4.6.1", "MeetingCalendarTestConsoleForFramework4.6.1\MeetingCalendarTestConsoleForFramework4.6.1.csproj", "{0E00E443-D934-46EF-BCF3-1FC0935A4729}"
EndProject
Project("{FAE04EC0-301F-11D3-BF4B-00C04F79EFBC}") = "MeetingCalendarTestConsoleForFramework4.8", "MeetingCalendarTestConsoleForFramework4.8\MeetingCalendarTestConsoleForFramework4.8.csproj", "{8D9D99C5-B8FE-4400-9992-0D49416EA2FB}"
EndProject
Project("{FAE04EC0-301F-11D3-BF4B-00C04F79EFBC}") = "MeetingCalendarTestForUWP", "MeetingCalendarTestForUWP\MeetingCalendarTestForUWP.csproj", "{51FBAF55-C357-47AF-BE6D-0888CC1D9191}"
EndProject
Global
	GlobalSection(SolutionConfigurationPlatforms) = preSolution
		Debug|Any CPU = Debug|Any CPU
		Debug|ARM = Debug|ARM
		Debug|ARM64 = Debug|ARM64
		Debug|iPhone = Debug|iPhone
		Debug|iPhoneSimulator = Debug|iPhoneSimulator
		Debug|x64 = Debug|x64
		Debug|x86 = Debug|x86
		Release|Any CPU = Release|Any CPU
		Release|ARM = Release|ARM
		Release|ARM64 = Release|ARM64
		Release|iPhone = Release|iPhone
		Release|iPhoneSimulator = Release|iPhoneSimulator
		Release|x64 = Release|x64
		Release|x86 = Release|x86
	EndGlobalSection
	GlobalSection(ProjectConfigurationPlatforms) = postSolution
		{4B897CE6-62A8-4D95-B9FF-65A536CAD686}.Debug|Any CPU.ActiveCfg = Debug|Any CPU
		{4B897CE6-62A8-4D95-B9FF-65A536CAD686}.Debug|Any CPU.Build.0 = Debug|Any CPU
		{4B897CE6-62A8-4D95-B9FF-65A536CAD686}.Debug|ARM.ActiveCfg = Debug|Any CPU
		{4B897CE6-62A8-4D95-B9FF-65A536CAD686}.Debug|ARM.Build.0 = Debug|Any CPU
		{4B897CE6-62A8-4D95-B9FF-65A536CAD686}.Debug|ARM64.ActiveCfg = Debug|Any CPU
		{4B897CE6-62A8-4D95-B9FF-65A536CAD686}.Debug|ARM64.Build.0 = Debug|Any CPU
		{4B897CE6-62A8-4D95-B9FF-65A536CAD686}.Debug|iPhone.ActiveCfg = Debug|Any CPU
		{4B897CE6-62A8-4D95-B9FF-65A536CAD686}.Debug|iPhone.Build.0 = Debug|Any CPU
		{4B897CE6-62A8-4D95-B9FF-65A536CAD686}.Debug|iPhoneSimulator.ActiveCfg = Debug|Any CPU
		{4B897CE6-62A8-4D95-B9FF-65A536CAD686}.Debug|iPhoneSimulator.Build.0 = Debug|Any CPU
		{4B897CE6-62A8-4D95-B9FF-65A536CAD686}.Debug|x64.ActiveCfg = Debug|Any CPU
		{4B897CE6-62A8-4D95-B9FF-65A536CAD686}.Debug|x64.Build.0 = Debug|Any CPU
		{4B897CE6-62A8-4D95-B9FF-65A536CAD686}.Debug|x86.ActiveCfg = Debug|Any CPU
		{4B897CE6-62A8-4D95-B9FF-65A536CAD686}.Debug|x86.Build.0 = Debug|Any CPU
		{4B897CE6-62A8-4D95-B9FF-65A536CAD686}.Release|Any CPU.ActiveCfg = Release|Any CPU
		{4B897CE6-62A8-4D95-B9FF-65A536CAD686}.Release|Any CPU.Build.0 = Release|Any CPU
		{4B897CE6-62A8-4D95-B9FF-65A536CAD686}.Release|ARM.ActiveCfg = Release|Any CPU
		{4B897CE6-62A8-4D95-B9FF-65A536CAD686}.Release|ARM.Build.0 = Release|Any CPU
		{4B897CE6-62A8-4D95-B9FF-65A536CAD686}.Release|ARM64.ActiveCfg = Release|Any CPU
		{4B897CE6-62A8-4D95-B9FF-65A536CAD686}.Release|ARM64.Build.0 = Release|Any CPU
		{4B897CE6-62A8-4D95-B9FF-65A536CAD686}.Release|iPhone.ActiveCfg = Release|Any CPU
		{4B897CE6-62A8-4D95-B9FF-65A536CAD686}.Release|iPhone.Build.0 = Release|Any CPU
		{4B897CE6-62A8-4D95-B9FF-65A536CAD686}.Release|iPhoneSimulator.ActiveCfg = Release|Any CPU
		{4B897CE6-62A8-4D95-B9FF-65A536CAD686}.Release|iPhoneSimulator.Build.0 = Release|Any CPU
		{4B897CE6-62A8-4D95-B9FF-65A536CAD686}.Release|x64.ActiveCfg = Release|Any CPU
		{4B897CE6-62A8-4D95-B9FF-65A536CAD686}.Release|x64.Build.0 = Release|Any CPU
		{4B897CE6-62A8-4D95-B9FF-65A536CAD686}.Release|x86.ActiveCfg = Release|Any CPU
		{4B897CE6-62A8-4D95-B9FF-65A536CAD686}.Release|x86.Build.0 = Release|Any CPU
		{6CF2301B-BB62-45F8-891D-D02397562A27}.Debug|Any CPU.ActiveCfg = Debug|Any CPU
		{6CF2301B-BB62-45F8-891D-D02397562A27}.Debug|Any CPU.Build.0 = Debug|Any CPU
		{6CF2301B-BB62-45F8-891D-D02397562A27}.Debug|ARM.ActiveCfg = Debug|Any CPU
		{6CF2301B-BB62-45F8-891D-D02397562A27}.Debug|ARM.Build.0 = Debug|Any CPU
		{6CF2301B-BB62-45F8-891D-D02397562A27}.Debug|ARM64.ActiveCfg = Debug|Any CPU
		{6CF2301B-BB62-45F8-891D-D02397562A27}.Debug|ARM64.Build.0 = Debug|Any CPU
		{6CF2301B-BB62-45F8-891D-D02397562A27}.Debug|iPhone.ActiveCfg = Debug|Any CPU
		{6CF2301B-BB62-45F8-891D-D02397562A27}.Debug|iPhone.Build.0 = Debug|Any CPU
		{6CF2301B-BB62-45F8-891D-D02397562A27}.Debug|iPhoneSimulator.ActiveCfg = Debug|Any CPU
		{6CF2301B-BB62-45F8-891D-D02397562A27}.Debug|iPhoneSimulator.Build.0 = Debug|Any CPU
		{6CF2301B-BB62-45F8-891D-D02397562A27}.Debug|x64.ActiveCfg = Debug|Any CPU
		{6CF2301B-BB62-45F8-891D-D02397562A27}.Debug|x64.Build.0 = Debug|Any CPU
		{6CF2301B-BB62-45F8-891D-D02397562A27}.Debug|x86.ActiveCfg = Debug|Any CPU
		{6CF2301B-BB62-45F8-891D-D02397562A27}.Debug|x86.Build.0 = Debug|Any CPU
		{6CF2301B-BB62-45F8-891D-D02397562A27}.Release|Any CPU.ActiveCfg = Release|Any CPU
		{6CF2301B-BB62-45F8-891D-D02397562A27}.Release|Any CPU.Build.0 = Release|Any CPU
		{6CF2301B-BB62-45F8-891D-D02397562A27}.Release|ARM.ActiveCfg = Release|Any CPU
		{6CF2301B-BB62-45F8-891D-D02397562A27}.Release|ARM.Build.0 = Release|Any CPU
		{6CF2301B-BB62-45F8-891D-D02397562A27}.Release|ARM64.ActiveCfg = Release|Any CPU
		{6CF2301B-BB62-45F8-891D-D02397562A27}.Release|ARM64.Build.0 = Release|Any CPU
		{6CF2301B-BB62-45F8-891D-D02397562A27}.Release|iPhone.ActiveCfg = Release|Any CPU
		{6CF2301B-BB62-45F8-891D-D02397562A27}.Release|iPhone.Build.0 = Release|Any CPU
		{6CF2301B-BB62-45F8-891D-D02397562A27}.Release|iPhoneSimulator.ActiveCfg = Release|Any CPU
		{6CF2301B-BB62-45F8-891D-D02397562A27}.Release|iPhoneSimulator.Build.0 = Release|Any CPU
		{6CF2301B-BB62-45F8-891D-D02397562A27}.Release|x64.ActiveCfg = Release|Any CPU
		{6CF2301B-BB62-45F8-891D-D02397562A27}.Release|x64.Build.0 = Release|Any CPU
		{6CF2301B-BB62-45F8-891D-D02397562A27}.Release|x86.ActiveCfg = Release|Any CPU
		{6CF2301B-BB62-45F8-891D-D02397562A27}.Release|x86.Build.0 = Release|Any CPU
		{1C1E3680-62AF-490D-A5B8-7FC2F46867E6}.Debug|Any CPU.ActiveCfg = Debug|Any CPU
		{1C1E3680-62AF-490D-A5B8-7FC2F46867E6}.Debug|Any CPU.Build.0 = Debug|Any CPU
		{1C1E3680-62AF-490D-A5B8-7FC2F46867E6}.Debug|ARM.ActiveCfg = Debug|Any CPU
		{1C1E3680-62AF-490D-A5B8-7FC2F46867E6}.Debug|ARM.Build.0 = Debug|Any CPU
		{1C1E3680-62AF-490D-A5B8-7FC2F46867E6}.Debug|ARM64.ActiveCfg = Debug|Any CPU
		{1C1E3680-62AF-490D-A5B8-7FC2F46867E6}.Debug|ARM64.Build.0 = Debug|Any CPU
		{1C1E3680-62AF-490D-A5B8-7FC2F46867E6}.Debug|iPhone.ActiveCfg = Debug|Any CPU
		{1C1E3680-62AF-490D-A5B8-7FC2F46867E6}.Debug|iPhone.Build.0 = Debug|Any CPU
		{1C1E3680-62AF-490D-A5B8-7FC2F46867E6}.Debug|iPhoneSimulator.ActiveCfg = Debug|Any CPU
		{1C1E3680-62AF-490D-A5B8-7FC2F46867E6}.Debug|iPhoneSimulator.Build.0 = Debug|Any CPU
		{1C1E3680-62AF-490D-A5B8-7FC2F46867E6}.Debug|x64.ActiveCfg = Debug|Any CPU
		{1C1E3680-62AF-490D-A5B8-7FC2F46867E6}.Debug|x64.Build.0 = Debug|Any CPU
		{1C1E3680-62AF-490D-A5B8-7FC2F46867E6}.Debug|x86.ActiveCfg = Debug|Any CPU
		{1C1E3680-62AF-490D-A5B8-7FC2F46867E6}.Debug|x86.Build.0 = Debug|Any CPU
		{1C1E3680-62AF-490D-A5B8-7FC2F46867E6}.Release|Any CPU.ActiveCfg = Release|Any CPU
		{1C1E3680-62AF-490D-A5B8-7FC2F46867E6}.Release|Any CPU.Build.0 = Release|Any CPU
		{1C1E3680-62AF-490D-A5B8-7FC2F46867E6}.Release|ARM.ActiveCfg = Release|Any CPU
		{1C1E3680-62AF-490D-A5B8-7FC2F46867E6}.Release|ARM.Build.0 = Release|Any CPU
		{1C1E3680-62AF-490D-A5B8-7FC2F46867E6}.Release|ARM64.ActiveCfg = Release|Any CPU
		{1C1E3680-62AF-490D-A5B8-7FC2F46867E6}.Release|ARM64.Build.0 = Release|Any CPU
		{1C1E3680-62AF-490D-A5B8-7FC2F46867E6}.Release|iPhone.ActiveCfg = Release|Any CPU
		{1C1E3680-62AF-490D-A5B8-7FC2F46867E6}.Release|iPhone.Build.0 = Release|Any CPU
		{1C1E3680-62AF-490D-A5B8-7FC2F46867E6}.Release|iPhoneSimulator.ActiveCfg = Release|Any CPU
		{1C1E3680-62AF-490D-A5B8-7FC2F46867E6}.Release|iPhoneSimulator.Build.0 = Release|Any CPU
		{1C1E3680-62AF-490D-A5B8-7FC2F46867E6}.Release|x64.ActiveCfg = Release|Any CPU
		{1C1E3680-62AF-490D-A5B8-7FC2F46867E6}.Release|x64.Build.0 = Release|Any CPU
		{1C1E3680-62AF-490D-A5B8-7FC2F46867E6}.Release|x86.ActiveCfg = Release|Any CPU
		{1C1E3680-62AF-490D-A5B8-7FC2F46867E6}.Release|x86.Build.0 = Release|Any CPU
		{5B10A6DB-464F-4974-9BBB-1C05FF477EC2}.Debug|Any CPU.ActiveCfg = Debug|Any CPU
		{5B10A6DB-464F-4974-9BBB-1C05FF477EC2}.Debug|Any CPU.Build.0 = Debug|Any CPU
		{5B10A6DB-464F-4974-9BBB-1C05FF477EC2}.Debug|ARM.ActiveCfg = Debug|Any CPU
		{5B10A6DB-464F-4974-9BBB-1C05FF477EC2}.Debug|ARM.Build.0 = Debug|Any CPU
		{5B10A6DB-464F-4974-9BBB-1C05FF477EC2}.Debug|ARM64.ActiveCfg = Debug|Any CPU
		{5B10A6DB-464F-4974-9BBB-1C05FF477EC2}.Debug|ARM64.Build.0 = Debug|Any CPU
		{5B10A6DB-464F-4974-9BBB-1C05FF477EC2}.Debug|iPhone.ActiveCfg = Debug|Any CPU
		{5B10A6DB-464F-4974-9BBB-1C05FF477EC2}.Debug|iPhone.Build.0 = Debug|Any CPU
		{5B10A6DB-464F-4974-9BBB-1C05FF477EC2}.Debug|iPhoneSimulator.ActiveCfg = Debug|Any CPU
		{5B10A6DB-464F-4974-9BBB-1C05FF477EC2}.Debug|iPhoneSimulator.Build.0 = Debug|Any CPU
		{5B10A6DB-464F-4974-9BBB-1C05FF477EC2}.Debug|x64.ActiveCfg = Debug|Any CPU
		{5B10A6DB-464F-4974-9BBB-1C05FF477EC2}.Debug|x64.Build.0 = Debug|Any CPU
		{5B10A6DB-464F-4974-9BBB-1C05FF477EC2}.Debug|x86.ActiveCfg = Debug|Any CPU
		{5B10A6DB-464F-4974-9BBB-1C05FF477EC2}.Debug|x86.Build.0 = Debug|Any CPU
		{5B10A6DB-464F-4974-9BBB-1C05FF477EC2}.Release|Any CPU.ActiveCfg = Release|Any CPU
		{5B10A6DB-464F-4974-9BBB-1C05FF477EC2}.Release|Any CPU.Build.0 = Release|Any CPU
		{5B10A6DB-464F-4974-9BBB-1C05FF477EC2}.Release|ARM.ActiveCfg = Release|Any CPU
		{5B10A6DB-464F-4974-9BBB-1C05FF477EC2}.Release|ARM.Build.0 = Release|Any CPU
		{5B10A6DB-464F-4974-9BBB-1C05FF477EC2}.Release|ARM64.ActiveCfg = Release|Any CPU
		{5B10A6DB-464F-4974-9BBB-1C05FF477EC2}.Release|ARM64.Build.0 = Release|Any CPU
		{5B10A6DB-464F-4974-9BBB-1C05FF477EC2}.Release|iPhone.ActiveCfg = Release|Any CPU
		{5B10A6DB-464F-4974-9BBB-1C05FF477EC2}.Release|iPhone.Build.0 = Release|Any CPU
		{5B10A6DB-464F-4974-9BBB-1C05FF477EC2}.Release|iPhoneSimulator.ActiveCfg = Release|Any CPU
		{5B10A6DB-464F-4974-9BBB-1C05FF477EC2}.Release|iPhoneSimulator.Build.0 = Release|Any CPU
		{5B10A6DB-464F-4974-9BBB-1C05FF477EC2}.Release|x64.ActiveCfg = Release|Any CPU
		{5B10A6DB-464F-4974-9BBB-1C05FF477EC2}.Release|x64.Build.0 = Release|Any CPU
		{5B10A6DB-464F-4974-9BBB-1C05FF477EC2}.Release|x86.ActiveCfg = Release|Any CPU
		{5B10A6DB-464F-4974-9BBB-1C05FF477EC2}.Release|x86.Build.0 = Release|Any CPU
		{68E729C7-A6FB-4A3F-AA0C-35A204D6B286}.Debug|Any CPU.ActiveCfg = Debug|Any CPU
		{68E729C7-A6FB-4A3F-AA0C-35A204D6B286}.Debug|Any CPU.Build.0 = Debug|Any CPU
		{68E729C7-A6FB-4A3F-AA0C-35A204D6B286}.Debug|ARM.ActiveCfg = Debug|Any CPU
		{68E729C7-A6FB-4A3F-AA0C-35A204D6B286}.Debug|ARM.Build.0 = Debug|Any CPU
		{68E729C7-A6FB-4A3F-AA0C-35A204D6B286}.Debug|ARM64.ActiveCfg = Debug|Any CPU
		{68E729C7-A6FB-4A3F-AA0C-35A204D6B286}.Debug|ARM64.Build.0 = Debug|Any CPU
		{68E729C7-A6FB-4A3F-AA0C-35A204D6B286}.Debug|iPhone.ActiveCfg = Debug|Any CPU
		{68E729C7-A6FB-4A3F-AA0C-35A204D6B286}.Debug|iPhone.Build.0 = Debug|Any CPU
		{68E729C7-A6FB-4A3F-AA0C-35A204D6B286}.Debug|iPhoneSimulator.ActiveCfg = Debug|Any CPU
		{68E729C7-A6FB-4A3F-AA0C-35A204D6B286}.Debug|iPhoneSimulator.Build.0 = Debug|Any CPU
		{68E729C7-A6FB-4A3F-AA0C-35A204D6B286}.Debug|x64.ActiveCfg = Debug|Any CPU
		{68E729C7-A6FB-4A3F-AA0C-35A204D6B286}.Debug|x64.Build.0 = Debug|Any CPU
		{68E729C7-A6FB-4A3F-AA0C-35A204D6B286}.Debug|x86.ActiveCfg = Debug|Any CPU
		{68E729C7-A6FB-4A3F-AA0C-35A204D6B286}.Debug|x86.Build.0 = Debug|Any CPU
		{68E729C7-A6FB-4A3F-AA0C-35A204D6B286}.Release|Any CPU.ActiveCfg = Release|Any CPU
		{68E729C7-A6FB-4A3F-AA0C-35A204D6B286}.Release|Any CPU.Build.0 = Release|Any CPU
		{68E729C7-A6FB-4A3F-AA0C-35A204D6B286}.Release|ARM.ActiveCfg = Release|Any CPU
		{68E729C7-A6FB-4A3F-AA0C-35A204D6B286}.Release|ARM.Build.0 = Release|Any CPU
		{68E729C7-A6FB-4A3F-AA0C-35A204D6B286}.Release|ARM64.ActiveCfg = Release|Any CPU
		{68E729C7-A6FB-4A3F-AA0C-35A204D6B286}.Release|ARM64.Build.0 = Release|Any CPU
		{68E729C7-A6FB-4A3F-AA0C-35A204D6B286}.Release|iPhone.ActiveCfg = Release|Any CPU
		{68E729C7-A6FB-4A3F-AA0C-35A204D6B286}.Release|iPhone.Build.0 = Release|Any CPU
		{68E729C7-A6FB-4A3F-AA0C-35A204D6B286}.Release|iPhoneSimulator.ActiveCfg = Release|Any CPU
		{68E729C7-A6FB-4A3F-AA0C-35A204D6B286}.Release|iPhoneSimulator.Build.0 = Release|Any CPU
		{68E729C7-A6FB-4A3F-AA0C-35A204D6B286}.Release|x64.ActiveCfg = Release|Any CPU
		{68E729C7-A6FB-4A3F-AA0C-35A204D6B286}.Release|x64.Build.0 = Release|Any CPU
		{68E729C7-A6FB-4A3F-AA0C-35A204D6B286}.Release|x86.ActiveCfg = Release|Any CPU
		{68E729C7-A6FB-4A3F-AA0C-35A204D6B286}.Release|x86.Build.0 = Release|Any CPU
		{0E00E443-D934-46EF-BCF3-1FC0935A4729}.Debug|Any CPU.ActiveCfg = Debug|Any CPU
		{0E00E443-D934-46EF-BCF3-1FC0935A4729}.Debug|Any CPU.Build.0 = Debug|Any CPU
		{0E00E443-D934-46EF-BCF3-1FC0935A4729}.Debug|ARM.ActiveCfg = Debug|Any CPU
		{0E00E443-D934-46EF-BCF3-1FC0935A4729}.Debug|ARM.Build.0 = Debug|Any CPU
		{0E00E443-D934-46EF-BCF3-1FC0935A4729}.Debug|ARM64.ActiveCfg = Debug|Any CPU
		{0E00E443-D934-46EF-BCF3-1FC0935A4729}.Debug|ARM64.Build.0 = Debug|Any CPU
		{0E00E443-D934-46EF-BCF3-1FC0935A4729}.Debug|iPhone.ActiveCfg = Debug|Any CPU
		{0E00E443-D934-46EF-BCF3-1FC0935A4729}.Debug|iPhone.Build.0 = Debug|Any CPU
		{0E00E443-D934-46EF-BCF3-1FC0935A4729}.Debug|iPhoneSimulator.ActiveCfg = Debug|Any CPU
		{0E00E443-D934-46EF-BCF3-1FC0935A4729}.Debug|iPhoneSimulator.Build.0 = Debug|Any CPU
		{0E00E443-D934-46EF-BCF3-1FC0935A4729}.Debug|x64.ActiveCfg = Debug|Any CPU
		{0E00E443-D934-46EF-BCF3-1FC0935A4729}.Debug|x64.Build.0 = Debug|Any CPU
		{0E00E443-D934-46EF-BCF3-1FC0935A4729}.Debug|x86.ActiveCfg = Debug|Any CPU
		{0E00E443-D934-46EF-BCF3-1FC0935A4729}.Debug|x86.Build.0 = Debug|Any CPU
		{0E00E443-D934-46EF-BCF3-1FC0935A4729}.Release|Any CPU.ActiveCfg = Release|Any CPU
		{0E00E443-D934-46EF-BCF3-1FC0935A4729}.Release|Any CPU.Build.0 = Release|Any CPU
		{0E00E443-D934-46EF-BCF3-1FC0935A4729}.Release|ARM.ActiveCfg = Release|Any CPU
		{0E00E443-D934-46EF-BCF3-1FC0935A4729}.Release|ARM.Build.0 = Release|Any CPU
		{0E00E443-D934-46EF-BCF3-1FC0935A4729}.Release|ARM64.ActiveCfg = Release|Any CPU
		{0E00E443-D934-46EF-BCF3-1FC0935A4729}.Release|ARM64.Build.0 = Release|Any CPU
		{0E00E443-D934-46EF-BCF3-1FC0935A4729}.Release|iPhone.ActiveCfg = Release|Any CPU
		{0E00E443-D934-46EF-BCF3-1FC0935A4729}.Release|iPhone.Build.0 = Release|Any CPU
		{0E00E443-D934-46EF-BCF3-1FC0935A4729}.Release|iPhoneSimulator.ActiveCfg = Release|Any CPU
		{0E00E443-D934-46EF-BCF3-1FC0935A4729}.Release|iPhoneSimulator.Build.0 = Release|Any CPU
		{0E00E443-D934-46EF-BCF3-1FC0935A4729}.Release|x64.ActiveCfg = Release|Any CPU
		{0E00E443-D934-46EF-BCF3-1FC0935A4729}.Release|x64.Build.0 = Release|Any CPU
		{0E00E443-D934-46EF-BCF3-1FC0935A4729}.Release|x86.ActiveCfg = Release|Any CPU
		{0E00E443-D934-46EF-BCF3-1FC0935A4729}.Release|x86.Build.0 = Release|Any CPU
		{8D9D99C5-B8FE-4400-9992-0D49416EA2FB}.Debug|Any CPU.ActiveCfg = Debug|Any CPU
		{8D9D99C5-B8FE-4400-9992-0D49416EA2FB}.Debug|Any CPU.Build.0 = Debug|Any CPU
		{8D9D99C5-B8FE-4400-9992-0D49416EA2FB}.Debug|ARM.ActiveCfg = Debug|Any CPU
		{8D9D99C5-B8FE-4400-9992-0D49416EA2FB}.Debug|ARM.Build.0 = Debug|Any CPU
		{8D9D99C5-B8FE-4400-9992-0D49416EA2FB}.Debug|ARM64.ActiveCfg = Debug|Any CPU
		{8D9D99C5-B8FE-4400-9992-0D49416EA2FB}.Debug|ARM64.Build.0 = Debug|Any CPU
		{8D9D99C5-B8FE-4400-9992-0D49416EA2FB}.Debug|iPhone.ActiveCfg = Debug|Any CPU
		{8D9D99C5-B8FE-4400-9992-0D49416EA2FB}.Debug|iPhone.Build.0 = Debug|Any CPU
		{8D9D99C5-B8FE-4400-9992-0D49416EA2FB}.Debug|iPhoneSimulator.ActiveCfg = Debug|Any CPU
		{8D9D99C5-B8FE-4400-9992-0D49416EA2FB}.Debug|iPhoneSimulator.Build.0 = Debug|Any CPU
		{8D9D99C5-B8FE-4400-9992-0D49416EA2FB}.Debug|x64.ActiveCfg = Debug|Any CPU
		{8D9D99C5-B8FE-4400-9992-0D49416EA2FB}.Debug|x64.Build.0 = Debug|Any CPU
		{8D9D99C5-B8FE-4400-9992-0D49416EA2FB}.Debug|x86.ActiveCfg = Debug|Any CPU
		{8D9D99C5-B8FE-4400-9992-0D49416EA2FB}.Debug|x86.Build.0 = Debug|Any CPU
		{8D9D99C5-B8FE-4400-9992-0D49416EA2FB}.Release|Any CPU.ActiveCfg = Release|Any CPU
		{8D9D99C5-B8FE-4400-9992-0D49416EA2FB}.Release|Any CPU.Build.0 = Release|Any CPU
		{8D9D99C5-B8FE-4400-9992-0D49416EA2FB}.Release|ARM.ActiveCfg = Release|Any CPU
		{8D9D99C5-B8FE-4400-9992-0D49416EA2FB}.Release|ARM.Build.0 = Release|Any CPU
		{8D9D99C5-B8FE-4400-9992-0D49416EA2FB}.Release|ARM64.ActiveCfg = Release|Any CPU
		{8D9D99C5-B8FE-4400-9992-0D49416EA2FB}.Release|ARM64.Build.0 = Release|Any CPU
		{8D9D99C5-B8FE-4400-9992-0D49416EA2FB}.Release|iPhone.ActiveCfg = Release|Any CPU
		{8D9D99C5-B8FE-4400-9992-0D49416EA2FB}.Release|iPhone.Build.0 = Release|Any CPU
		{8D9D99C5-B8FE-4400-9992-0D49416EA2FB}.Release|iPhoneSimulator.ActiveCfg = Release|Any CPU
		{8D9D99C5-B8FE-4400-9992-0D49416EA2FB}.Release|iPhoneSimulator.Build.0 = Release|Any CPU
		{8D9D99C5-B8FE-4400-9992-0D49416EA2FB}.Release|x64.ActiveCfg = Release|Any CPU
		{8D9D99C5-B8FE-4400-9992-0D49416EA2FB}.Release|x64.Build.0 = Release|Any CPU
		{8D9D99C5-B8FE-4400-9992-0D49416EA2FB}.Release|x86.ActiveCfg = Release|Any CPU
		{8D9D99C5-B8FE-4400-9992-0D49416EA2FB}.Release|x86.Build.0 = Release|Any CPU
		{51FBAF55-C357-47AF-BE6D-0888CC1D9191}.Debug|Any CPU.ActiveCfg = Debug|x86
		{51FBAF55-C357-47AF-BE6D-0888CC1D9191}.Debug|ARM.ActiveCfg = Debug|ARM
		{51FBAF55-C357-47AF-BE6D-0888CC1D9191}.Debug|ARM.Build.0 = Debug|ARM
		{51FBAF55-C357-47AF-BE6D-0888CC1D9191}.Debug|ARM.Deploy.0 = Debug|ARM
		{51FBAF55-C357-47AF-BE6D-0888CC1D9191}.Debug|ARM64.ActiveCfg = Debug|ARM64
		{51FBAF55-C357-47AF-BE6D-0888CC1D9191}.Debug|ARM64.Build.0 = Debug|ARM64
		{51FBAF55-C357-47AF-BE6D-0888CC1D9191}.Debug|ARM64.Deploy.0 = Debug|ARM64
		{51FBAF55-C357-47AF-BE6D-0888CC1D9191}.Debug|iPhone.ActiveCfg = Debug|x86
		{51FBAF55-C357-47AF-BE6D-0888CC1D9191}.Debug|iPhoneSimulator.ActiveCfg = Debug|x86
		{51FBAF55-C357-47AF-BE6D-0888CC1D9191}.Debug|x64.ActiveCfg = Debug|x64
		{51FBAF55-C357-47AF-BE6D-0888CC1D9191}.Debug|x64.Build.0 = Debug|x64
		{51FBAF55-C357-47AF-BE6D-0888CC1D9191}.Debug|x64.Deploy.0 = Debug|x64
		{51FBAF55-C357-47AF-BE6D-0888CC1D9191}.Debug|x86.ActiveCfg = Debug|x86
		{51FBAF55-C357-47AF-BE6D-0888CC1D9191}.Debug|x86.Build.0 = Debug|x86
		{51FBAF55-C357-47AF-BE6D-0888CC1D9191}.Debug|x86.Deploy.0 = Debug|x86
		{51FBAF55-C357-47AF-BE6D-0888CC1D9191}.Release|Any CPU.ActiveCfg = Release|x86
		{51FBAF55-C357-47AF-BE6D-0888CC1D9191}.Release|ARM.ActiveCfg = Release|ARM
		{51FBAF55-C357-47AF-BE6D-0888CC1D9191}.Release|ARM.Build.0 = Release|ARM
		{51FBAF55-C357-47AF-BE6D-0888CC1D9191}.Release|ARM.Deploy.0 = Release|ARM
		{51FBAF55-C357-47AF-BE6D-0888CC1D9191}.Release|ARM64.ActiveCfg = Release|ARM64
		{51FBAF55-C357-47AF-BE6D-0888CC1D9191}.Release|ARM64.Build.0 = Release|ARM64
		{51FBAF55-C357-47AF-BE6D-0888CC1D9191}.Release|ARM64.Deploy.0 = Release|ARM64
		{51FBAF55-C357-47AF-BE6D-0888CC1D9191}.Release|iPhone.ActiveCfg = Release|x86
		{51FBAF55-C357-47AF-BE6D-0888CC1D9191}.Release|iPhoneSimulator.ActiveCfg = Release|x86
		{51FBAF55-C357-47AF-BE6D-0888CC1D9191}.Release|x64.ActiveCfg = Release|x64
		{51FBAF55-C357-47AF-BE6D-0888CC1D9191}.Release|x64.Build.0 = Release|x64
		{51FBAF55-C357-47AF-BE6D-0888CC1D9191}.Release|x64.Deploy.0 = Release|x64
		{51FBAF55-C357-47AF-BE6D-0888CC1D9191}.Release|x86.ActiveCfg = Release|x86
		{51FBAF55-C357-47AF-BE6D-0888CC1D9191}.Release|x86.Build.0 = Release|x86
		{51FBAF55-C357-47AF-BE6D-0888CC1D9191}.Release|x86.Deploy.0 = Release|x86
	EndGlobalSection
	GlobalSection(SolutionProperties) = preSolution
		HideSolutionNode = FALSE
	EndGlobalSection
	GlobalSection(ExtensibilityGlobals) = postSolution
		SolutionGuid = {EDC20C51-06F3-4164-AB60-A3A2A8A7730F}
	EndGlobalSection
EndGlobal
